{
  "name": "zenn",
  "version": "1.0.0",
  "lockfileVersion": 3,
  "requires": true,
  "packages": {
    "": {
      "name": "zenn",
      "version": "1.0.0",
      "license": "ISC",
      "dependencies": {
        "zenn-cli": "^0.1.151"
      }
    },
    "node_modules/zenn-cli": {
      "version": "0.1.151",
      "resolved": "https://registry.npmjs.org/zenn-cli/-/zenn-cli-0.1.151.tgz",
      "integrity": "sha512-Xp3hJ7Lo+Li7MbRMPheQCbiWu5nWnExXfyH0cgG8Mwk37tze2Kb1C4UOq/dvg3kukIfI0wxlIGTjoLKL7x8c5g==",
      "bin": {
        "zenn": "dist/server/zenn.js"
      },
      "engines": {
        "node": ">=14.0.0"
      }
    }
  }
}
